
Microsoft Visual Studio Solution File, Format Version 12.00
# Visual Studio 15
VisualStudioVersion = 15.0.28307.902
MinimumVisualStudioVersion = 10.0.40219.1
Project("{9A19103F-16F7-4668-BE54-9A1E7A4F7556}") = "Authorization", "Authorization\Authorization.csproj", "{12BB90EC-48E9-4493-B959-379E356C5E9B}"
EndProject
Project("{FAE04EC0-301F-11D3-BF4B-00C04F79EFBC}") = "Aspose.Net", "Aspose.Net\Aspose.Net.csproj", "{7532BC4E-4A86-40D6-A683-B218F6F96776}"
EndProject
Global
	GlobalSection(SolutionConfigurationPlatforms) = preSolution
		Debug|Any CPU = Debug|Any CPU
		Release|Any CPU = Release|Any CPU
	EndGlobalSection
	GlobalSection(ProjectConfigurationPlatforms) = postSolution
		{12BB90EC-48E9-4493-B959-379E356C5E9B}.Debug|Any CPU.ActiveCfg = Debug|Any CPU
		{12BB90EC-48E9-4493-B959-379E356C5E9B}.Debug|Any CPU.Build.0 = Debug|Any CPU
		{12BB90EC-48E9-4493-B959-379E356C5E9B}.Release|Any CPU.ActiveCfg = Release|Any CPU
		{12BB90EC-48E9-4493-B959-379E356C5E9B}.Release|Any CPU.Build.0 = Release|Any CPU
		{7532BC4E-4A86-40D6-A683-B218F6F96776}.Debug|Any CPU.ActiveCfg = Debug|Any CPU
		{7532BC4E-4A86-40D6-A683-B218F6F96776}.Debug|Any CPU.Build.0 = Debug|Any CPU
		{7532BC4E-4A86-40D6-A683-B218F6F96776}.Release|Any CPU.ActiveCfg = Release|Any CPU
		{7532BC4E-4A86-40D6-A683-B218F6F96776}.Release|Any CPU.Build.0 = Release|Any CPU
	EndGlobalSection
	GlobalSection(SolutionProperties) = preSolution
		HideSolutionNode = FALSE
	EndGlobalSection
	GlobalSection(ExtensibilityGlobals) = postSolution
		SolutionGuid = {F2DACABB-372A-4BC1-B741-F3B28B9F7A9A}
	EndGlobalSection
EndGlobal
